
Microsoft Visual Studio Solution File, Format Version 12.00
# Visual Studio Version 17
VisualStudioVersion = 17.7.34221.43
MinimumVisualStudioVersion = 10.0.40219.1
Project("{FAE04EC0-301F-11D3-BF4B-00C04F79EFBC}") = "WindowsFormsApp1", "WindowsFormsApp1\WindowsFormsApp1.csproj", "{27DEFF97-F066-4B41-9D95-61A1B9A3E07F}"
EndProject
Global
	GlobalSection(SolutionConfigurationPlatforms) = preSolution
		Debug|Any CPU = Debug|Any CPU
		Release|Any CPU = Release|Any CPU
	EndGlobalSection
	GlobalSection(ProjectConfigurationPlatforms) = postSolution
		{27DEFF97-F066-4B41-9D95-61A1B9A3E07F}.Debug|Any CPU.ActiveCfg = Debug|Any CPU
		{27DEFF97-F066-4B41-9D95-61A1B9A3E07F}.Debug|Any CPU.Build.0 = Debug|Any CPU
		{27DEFF97-F066-4B41-9D95-61A1B9A3E07F}.Release|Any CPU.ActiveCfg = Release|Any CPU
		{27DEFF97-F066-4B41-9D95-61A1B9A3E07F}.Release|Any CPU.Build.0 = Release|Any CPU
	EndGlobalSection
	GlobalSection(SolutionProperties) = preSolution
		HideSolutionNode = FALSE
	EndGlobalSection
	GlobalSection(ExtensibilityGlobals) = postSolution
		SolutionGuid = {40FAA3D1-D74B-4A65-9801-06255B09CBC6}
	EndGlobalSection
EndGlobal
